// !$*UTF8*$!
{
	archiveVersion = 1;
	classes = {
	};
	objectVersion = 55;
	objects = {

/* Begin PBXBuildFile section */
		AB11800428747444005D708C /* landmarkData.json in Resources */ = {isa = PBXBuildFile; fileRef = AB11800328747444005D708C /* landmarkData.json */; };
		AB11800628747461005D708C /* Landmark.swift in Sources */ = {isa = PBXBuildFile; fileRef = AB11800528747461005D708C /* Landmark.swift */; };
		AB118008287475AC005D708C /* ModelData.swift in Sources */ = {isa = PBXBuildFile; fileRef = AB118007287475AC005D708C /* ModelData.swift */; };
		AB11800D2874776E005D708C /* LandmarkRow.swift in Sources */ = {isa = PBXBuildFile; fileRef = AB11800C2874776E005D708C /* LandmarkRow.swift */; };
		AB11800F28747883005D708C /* LandmarkList.swift in Sources */ = {isa = PBXBuildFile; fileRef = AB11800E28747883005D708C /* LandmarkList.swift */; };
		AB118013287479EE005D708C /* LandmarkDetail.swift in Sources */ = {isa = PBXBuildFile; fileRef = AB118012287479EE005D708C /* LandmarkDetail.swift */; };
		AB8C9AC6287310DC00AB1AE5 /* LandmarksApp.swift in Sources */ = {isa = PBXBuildFile; fileRef = AB8C9AC5287310DC00AB1AE5 /* LandmarksApp.swift */; };
		AB8C9AC8287310DC00AB1AE5 /* ContentView.swift in Sources */ = {isa = PBXBuildFile; fileRef = AB8C9AC7287310DC00AB1AE5 /* ContentView.swift */; };
		AB8C9ACA287310DD00AB1AE5 /* Assets.xcassets in Resources */ = {isa = PBXBuildFile; fileRef = AB8C9AC9287310DD00AB1AE5 /* Assets.xcassets */; };
		AB8C9ACD287310DD00AB1AE5 /* Preview Assets.xcassets in Resources */ = {isa = PBXBuildFile; fileRef = AB8C9ACC287310DD00AB1AE5 /* Preview Assets.xcassets */; };
		AB8C9AD4287313B200AB1AE5 /* CircleImage.swift in Sources */ = {isa = PBXBuildFile; fileRef = AB8C9AD3287313B200AB1AE5 /* CircleImage.swift */; };
		AB8C9AD62873147E00AB1AE5 /* MapView.swift in Sources */ = {isa = PBXBuildFile; fileRef = AB8C9AD52873147E00AB1AE5 /* MapView.swift */; };
/* End PBXBuildFile section */

/* Begin PBXFileReference section */
		AB11800328747444005D708C /* landmarkData.json */ = {isa = PBXFileReference; fileEncoding = 4; lastKnownFileType = text.json; path = landmarkData.json; sourceTree = "<group>"; };
		AB11800528747461005D708C /* Landmark.swift */ = {isa = PBXFileReference; lastKnownFileType = sourcecode.swift; path = Landmark.swift; sourceTree = "<group>"; };
		AB118007287475AC005D708C /* ModelData.swift */ = {isa = PBXFileReference; lastKnownFileType = sourcecode.swift; path = ModelData.swift; sourceTree = "<group>"; };
		AB11800C2874776E005D708C /* LandmarkRow.swift */ = {isa = PBXFileReference; lastKnownFileType = sourcecode.swift; path = LandmarkRow.swift; sourceTree = "<group>"; };
		AB11800E28747883005D708C /* LandmarkList.swift */ = {isa = PBXFileReference; lastKnownFileType = sourcecode.swift; path = LandmarkList.swift; sourceTree = "<group>"; };
		AB118012287479EE005D708C /* LandmarkDetail.swift */ = {isa = PBXFileReference; lastKnownFileType = sourcecode.swift; path = LandmarkDetail.swift; sourceTree = "<group>"; };
		AB8C9AC2287310DC00AB1AE5 /* Landmarks.app */ = {isa = PBXFileReference; explicitFileType = wrapper.application; includeInIndex = 0; path = Landmarks.app; sourceTree = BUILT_PRODUCTS_DIR; };
		AB8C9AC5287310DC00AB1AE5 /* LandmarksApp.swift */ = {isa = PBXFileReference; lastKnownFileType = sourcecode.swift; path = LandmarksApp.swift; sourceTree = "<group>"; };
		AB8C9AC7287310DC00AB1AE5 /* ContentView.swift */ = {isa = PBXFileReference; lastKnownFileType = sourcecode.swift; path = ContentView.swift; sourceTree = "<group>"; };
		AB8C9AC9287310DD00AB1AE5 /* Assets.xcassets */ = {isa = PBXFileReference; lastKnownFileType = folder.assetcatalog; path = Assets.xcassets; sourceTree = "<group>"; };
		AB8C9ACC287310DD00AB1AE5 /* Preview Assets.xcassets */ = {isa = PBXFileReference; lastKnownFileType = folder.assetcatalog; path = "Preview Assets.xcassets"; sourceTree = "<group>"; };
		AB8C9AD3287313B200AB1AE5 /* CircleImage.swift */ = {isa = PBXFileReference; lastKnownFileType = sourcecode.swift; path = CircleImage.swift; sourceTree = "<group>"; };
		AB8C9AD52873147E00AB1AE5 /* MapView.swift */ = {isa = PBXFileReference; lastKnownFileType = sourcecode.swift; path = MapView.swift; sourceTree = "<group>"; };
/* End PBXFileReference section */

/* Begin PBXFrameworksBuildPhase section */
		AB8C9ABF287310DC00AB1AE5 /* Frameworks */ = {
			isa = PBXFrameworksBuildPhase;
			buildActionMask = 2147483647;
			files = (
			);
			runOnlyForDeploymentPostprocessing = 0;
		};
/* End PBXFrameworksBuildPhase section */

/* Begin PBXGroup section */
		AB1180092874772B005D708C /* Views */ = {
			isa = PBXGroup;
			children = (
				AB8C9AC7287310DC00AB1AE5 /* ContentView.swift */,
				AB8C9AD3287313B200AB1AE5 /* CircleImage.swift */,
				AB8C9AD52873147E00AB1AE5 /* MapView.swift */,
				AB11800C2874776E005D708C /* LandmarkRow.swift */,
				AB11800E28747883005D708C /* LandmarkList.swift */,
				AB118012287479EE005D708C /* LandmarkDetail.swift */,
			);
			path = Views;
			sourceTree = "<group>";
		};
		AB11800A2874773B005D708C /* Model */ = {
			isa = PBXGroup;
			children = (
				AB11800528747461005D708C /* Landmark.swift */,
				AB118007287475AC005D708C /* ModelData.swift */,
			);
			path = Model;
			sourceTree = "<group>";
		};
		AB11800B2874774C005D708C /* Resources */ = {
			isa = PBXGroup;
			children = (
				AB11800328747444005D708C /* landmarkData.json */,
			);
			path = Resources;
			sourceTree = "<group>";
		};
		AB8C9AB9287310DC00AB1AE5 = {
			isa = PBXGroup;
			children = (
				AB8C9AC4287310DC00AB1AE5 /* Landmarks */,
				AB8C9AC3287310DC00AB1AE5 /* Products */,
			);
			sourceTree = "<group>";
		};
		AB8C9AC3287310DC00AB1AE5 /* Products */ = {
			isa = PBXGroup;
			children = (
				AB8C9AC2287310DC00AB1AE5 /* Landmarks.app */,
			);
			name = Products;
			sourceTree = "<group>";
		};
		AB8C9AC4287310DC00AB1AE5 /* Landmarks */ = {
			isa = PBXGroup;
			children = (
				AB11800B2874774C005D708C /* Resources */,
				AB8C9AC5287310DC00AB1AE5 /* LandmarksApp.swift */,
				AB1180092874772B005D708C /* Views */,
				AB8C9AC9287310DD00AB1AE5 /* Assets.xcassets */,
				AB11800A2874773B005D708C /* Model */,
				AB8C9ACB287310DD00AB1AE5 /* Preview Content */,
			);
			path = Landmarks;
			sourceTree = "<group>";
		};
		AB8C9ACB287310DD00AB1AE5 /* Preview Content */ = {
			isa = PBXGroup;
			children = (
				AB8C9ACC287310DD00AB1AE5 /* Preview Assets.xcassets */,
			);
			path = "Preview Content";
			sourceTree = "<group>";
		};
/* End PBXGroup section */

/* Begin PBXNativeTarget section */
		AB8C9AC1287310DC00AB1AE5 /* Landmarks */ = {
			isa = PBXNativeTarget;
			buildConfigurationList = AB8C9AD0287310DD00AB1AE5 /* Build configuration list for PBXNativeTarget "Landmarks" */;
			buildPhases = (
				AB8C9ABE287310DC00AB1AE5 /* Sources */,
				AB8C9ABF287310DC00AB1AE5 /* Frameworks */,
				AB8C9AC0287310DC00AB1AE5 /* Resources */,
			);
			buildRules = (
			);
			dependencies = (
			);
			name = Landmarks;
			productName = Landmarks;
			productReference = AB8C9AC2287310DC00AB1AE5 /* Landmarks.app */;
			productType = "com.apple.product-type.application";
		};
/* End PBXNativeTarget section */

/* Begin PBXProject section */
		AB8C9ABA287310DC00AB1AE5 /* Project object */ = {
			isa = PBXProject;
			attributes = {
				BuildIndependentTargetsInParallel = 1;
				LastSwiftUpdateCheck = 1340;
				LastUpgradeCheck = 1340;
				TargetAttributes = {
					AB8C9AC1287310DC00AB1AE5 = {
						CreatedOnToolsVersion = 13.4.1;
					};
				};
			};
			buildConfigurationList = AB8C9ABD287310DC00AB1AE5 /* Build configuration list for PBXProject "Landmarks" */;
			compatibilityVersion = "Xcode 13.0";
			developmentRegion = en;
			hasScannedForEncodings = 0;
			knownRegions = (
				en,
				Base,
			);
			mainGroup = AB8C9AB9287310DC00AB1AE5;
			productRefGroup = AB8C9AC3287310DC00AB1AE5 /* Products */;
			projectDirPath = "";
			projectRoot = "";
			targets = (
				AB8C9AC1287310DC00AB1AE5 /* Landmarks */,
			);
		};
/* End PBXProject section */

/* Begin PBXResourcesBuildPhase section */
		AB8C9AC0287310DC00AB1AE5 /* Resources */ = {
			isa = PBXResourcesBuildPhase;
			buildActionMask = 2147483647;
			files = (
				AB8C9ACD287310DD00AB1AE5 /* Preview Assets.xcassets in Resources */,
				AB8C9ACA287310DD00AB1AE5 /* Assets.xcassets in Resources */,
				AB11800428747444005D708C /* landmarkData.json in Resources */,
			);
			runOnlyForDeploymentPostprocessing = 0;
		};
/* End PBXResourcesBuildPhase section */

/* Begin PBXSourcesBuildPhase section */
		AB8C9ABE287310DC00AB1AE5 /* Sources */ = {
			isa = PBXSourcesBuildPhase;
			buildActionMask = 2147483647;
			files = (
				AB8C9AC8287310DC00AB1AE5 /* ContentView.swift in Sources */,
				AB8C9AD62873147E00AB1AE5 /* MapView.swift in Sources */,
				AB8C9AC6287310DC00AB1AE5 /* LandmarksApp.swift in Sources */,
				AB11800F28747883005D708C /* LandmarkList.swift in Sources */,
				AB118013287479EE005D708C /* LandmarkDetail.swift in Sources */,
				AB8C9AD4287313B200AB1AE5 /* CircleImage.swift in Sources */,
				AB11800628747461005D708C /* Landmark.swift in Sources */,
				AB11800D2874776E005D708C /* LandmarkRow.swift in Sources */,
				AB118008287475AC005D708C /* ModelData.swift in Sources */,
			);
			runOnlyForDeploymentPostprocessing = 0;
		};
/* End PBXSourcesBuildPhase section */

/* Begin XCBuildConfiguration section */
		AB8C9ACE287310DD00AB1AE5 /* Debug */ = {
			isa = XCBuildConfiguration;
			buildSettings = {
				ALWAYS_SEARCH_USER_PATHS = NO;
				CLANG_ANALYZER_NONNULL = YES;
				CLANG_ANALYZER_NUMBER_OBJECT_CONVERSION = YES_AGGRESSIVE;
				CLANG_CXX_LANGUAGE_STANDARD = "gnu++17";
				CLANG_ENABLE_MODULES = YES;
				CLANG_ENABLE_OBJC_ARC = YES;
				CLANG_ENABLE_OBJC_WEAK = YES;
				CLANG_WARN_BLOCK_CAPTURE_AUTORELEASING = YES;
				CLANG_WARN_BOOL_CONVERSION = YES;
				CLANG_WARN_COMMA = YES;
				CLANG_WARN_CONSTANT_CONVERSION = YES;
				CLANG_WARN_DEPRECATED_OBJC_IMPLEMENTATIONS = YES;
				CLANG_WARN_DIRECT_OBJC_ISA_USAGE = YES_ERROR;
				CLANG_WARN_DOCUMENTATION_COMMENTS = YES;
				CLANG_WARN_EMPTY_BODY = YES;
				CLANG_WARN_ENUM_CONVERSION = YES;
				CLANG_WARN_INFINITE_RECURSION = YES;
				CLANG_WARN_INT_CONVERSION = YES;
				CLANG_WARN_NON_LITERAL_NULL_CONVERSION = YES;
				CLANG_WARN_OBJC_IMPLICIT_RETAIN_SELF = YES;
				CLANG_WARN_OBJC_LITERAL_CONVERSION = YES;
				CLANG_WARN_OBJC_ROOT_CLASS = YES_ERROR;
				CLANG_WARN_QUOTED_INCLUDE_IN_FRAMEWORK_HEADER = YES;
				CLANG_WARN_RANGE_LOOP_ANALYSIS = YES;
				CLANG_WARN_STRICT_PROTOTYPES = YES;
				CLANG_WARN_SUSPICIOUS_MOVE = YES;
				CLANG_WARN_UNGUARDED_AVAILABILITY = YES_AGGRESSIVE;
				CLANG_WARN_UNREACHABLE_CODE = YES;
				CLANG_WARN__DUPLICATE_METHOD_MATCH = YES;
				COPY_PHASE_STRIP = NO;
				DEBUG_INFORMATION_FORMAT = dwarf;
				ENABLE_STRICT_OBJC_MSGSEND = YES;
				ENABLE_TESTABILITY = YES;
				GCC_C_LANGUAGE_STANDARD = gnu11;
				GCC_DYNAMIC_NO_PIC = NO;
				GCC_NO_COMMON_BLOCKS = YES;
				GCC_OPTIMIZATION_LEVEL = 0;
				GCC_PREPROCESSOR_DEFINITIONS = (
					"DEBUG=1",
					"$(inherited)",
				);
				GCC_WARN_64_TO_32_BIT_CONVERSION = YES;
				GCC_WARN_ABOUT_RETURN_TYPE = YES_ERROR;
				GCC_WARN_UNDECLARED_SELECTOR = YES;
				GCC_WARN_UNINITIALIZED_AUTOS = YES_AGGRESSIVE;
				GCC_WARN_UNUSED_FUNCTION = YES;
				GCC_WARN_UNUSED_VARIABLE = YES;
				IPHONEOS_DEPLOYMENT_TARGET = 15.5;
				MTL_ENABLE_DEBUG_INFO = INCLUDE_SOURCE;
				MTL_FAST_MATH = YES;
				ONLY_ACTIVE_ARCH = YES;
				SDKROOT = iphoneos;
				SWIFT_ACTIVE_COMPILATION_CONDITIONS = DEBUG;
				SWIFT_OPTIMIZATION_LEVEL = "-Onone";
			};
			name = Debug;
		};
		AB8C9ACF287310DD00AB1AE5 /* Release */ = {
			isa = XCBuildConfiguration;
			buildSettings = {
				ALWAYS_SEARCH_USER_PATHS = NO;
				CLANG_ANALYZER_NONNULL = YES;
				CLANG_ANALYZER_NUMBER_OBJECT_CONVERSION = YES_AGGRESSIVE;
				CLANG_CXX_LANGUAGE_STANDARD = "gnu++17";
				CLANG_ENABLE_MODULES = YES;
				CLANG_ENABLE_OBJC_ARC = YES;
				CLANG_ENABLE_OBJC_WEAK = YES;
				CLANG_WARN_BLOCK_CAPTURE_AUTORELEASING = YES;
				CLANG_WARN_BOOL_CONVERSION = YES;
				CLANG_WARN_COMMA = YES;
				CLANG_WARN_CONSTANT_CONVERSION = YES;
				CLANG_WARN_DEPRECATED_OBJC_IMPLEMENTATIONS = YES;
				CLANG_WARN_DIRECT_OBJC_ISA_USAGE = YES_ERROR;
				CLANG_WARN_DOCUMENTATION_COMMENTS = YES;
				CLANG_WARN_EMPTY_BODY = YES;
				CLANG_WARN_ENUM_CONVERSION = YES;
				CLANG_WARN_INFINITE_RECURSION = YES;
				CLANG_WARN_INT_CONVERSION = YES;
				CLANG_WARN_NON_LITERAL_NULL_CONVERSION = YES;
				CLANG_WARN_OBJC_IMPLICIT_RETAIN_SELF = YES;
				CLANG_WARN_OBJC_LITERAL_CONVERSION = YES;
				CLANG_WARN_OBJC_ROOT_CLASS = YES_ERROR;
				CLANG_WARN_QUOTED_INCLUDE_IN_FRAMEWORK_HEADER = YES;
				CLANG_WARN_RANGE_LOOP_ANALYSIS = YES;
				CLANG_WARN_STRICT_PROTOTYPES = YES;
				CLANG_WARN_SUSPICIOUS_MOVE = YES;
				CLANG_WARN_UNGUARDED_AVAILABILITY = YES_AGGRESSIVE;
				CLANG_WARN_UNREACHABLE_CODE = YES;
				CLANG_WARN__DUPLICATE_METHOD_MATCH = YES;
				COPY_PHASE_STRIP = NO;
				DEBUG_INFORMATION_FORMAT = "dwarf-with-dsym";
				ENABLE_NS_ASSERTIONS = NO;
				ENABLE_STRICT_OBJC_MSGSEND = YES;
				GCC_C_LANGUAGE_STANDARD = gnu11;
				GCC_NO_COMMON_BLOCKS = YES;
				GCC_WARN_64_TO_32_BIT_CONVERSION = YES;
				GCC_WARN_ABOUT_RETURN_TYPE = YES_ERROR;
				GCC_WARN_UNDECLARED_SELECTOR = YES;
				GCC_WARN_UNINITIALIZED_AUTOS = YES_AGGRESSIVE;
				GCC_WARN_UNUSED_FUNCTION = YES;
				GCC_WARN_UNUSED_VARIABLE = YES;
				IPHONEOS_DEPLOYMENT_TARGET = 15.5;
				MTL_ENABLE_DEBUG_INFO = NO;
				MTL_FAST_MATH = YES;
				SDKROOT = iphoneos;
				SWIFT_COMPILATION_MODE = wholemodule;
				SWIFT_OPTIMIZATION_LEVEL = "-O";
				VALIDATE_PRODUCT = YES;
			};
			name = Release;
		};
		AB8C9AD1287310DD00AB1AE5 /* Debug */ = {
			isa = XCBuildConfiguration;
			buildSettings = {
				ASSETCATALOG_COMPILER_APPICON_NAME = AppIcon;
				ASSETCATALOG_COMPILER_GLOBAL_ACCENT_COLOR_NAME = AccentColor;
				CODE_SIGN_STYLE = Automatic;
				CURRENT_PROJECT_VERSION = 1;
				DEVELOPMENT_ASSET_PATHS = "\"Landmarks/Preview Content\"";
				ENABLE_PREVIEWS = YES;
				GENERATE_INFOPLIST_FILE = YES;
				INFOPLIST_KEY_UIApplicationSceneManifest_Generation = YES;
				INFOPLIST_KEY_UIApplicationSupportsIndirectInputEvents = YES;
				INFOPLIST_KEY_UILaunchScreen_Generation = YES;
				INFOPLIST_KEY_UISupportedInterfaceOrientations_iPad = "UIInterfaceOrientationPortrait UIInterfaceOrientationPortraitUpsideDown UIInterfaceOrientationLandscapeLeft UIInterfaceOrientationLandscapeRight";
				INFOPLIST_KEY_UISupportedInterfaceOrientations_iPhone = "UIInterfaceOrientationPortrait UIInterfaceOrientationLandscapeLeft UIInterfaceOrientationLandscapeRight";
				LD_RUNPATH_SEARCH_PATHS = (
					"$(inherited)",
					"@executable_path/Frameworks",
				);
				MARKETING_VERSION = 1.0;
				PRODUCT_BUNDLE_IDENTIFIER = fuki.sato.Landmarks;
				PRODUCT_NAME = "$(TARGET_NAME)";
				SWIFT_EMIT_LOC_STRINGS = YES;
				SWIFT_VERSION = 5.0;
				TARGETED_DEVICE_FAMILY = "1,2";
			};
			name = Debug;
		};
		AB8C9AD2287310DD00AB1AE5 /* Release */ = {
			isa = XCBuildConfiguration;
			buildSettings = {
				ASSETCATALOG_COMPILER_APPICON_NAME = AppIcon;
				ASSETCATALOG_COMPILER_GLOBAL_ACCENT_COLOR_NAME = AccentColor;
				CODE_SIGN_STYLE = Automatic;
				CURRENT_PROJECT_VERSION = 1;
				DEVELOPMENT_ASSET_PATHS = "\"Landmarks/Preview Content\"";
				ENABLE_PREVIEWS = YES;
				GENERATE_INFOPLIST_FILE = YES;
				INFOPLIST_KEY_UIApplicationSceneManifest_Generation = YES;
				INFOPLIST_KEY_UIApplicationSupportsIndirectInputEvents = YES;
				INFOPLIST_KEY_UILaunchScreen_Generation = YES;
				INFOPLIST_KEY_UISupportedInterfaceOrientations_iPad = "UIInterfaceOrientationPortrait UIInterfaceOrientationPortraitUpsideDown UIInterfaceOrientationLandscapeLeft UIInterfaceOrientationLandscapeRight";
				INFOPLIST_KEY_UISupportedInterfaceOrientations_iPhone = "UIInterfaceOrientationPortrait UIInterfaceOrientationLandscapeLeft UIInterfaceOrientationLandscapeRight";
				LD_RUNPATH_SEARCH_PATHS = (
					"$(inherited)",
					"@executable_path/Frameworks",
				);
				MARKETING_VERSION = 1.0;
				PRODUCT_BUNDLE_IDENTIFIER = fuki.sato.Landmarks;
				PRODUCT_NAME = "$(TARGET_NAME)";
				SWIFT_EMIT_LOC_STRINGS = YES;
				SWIFT_VERSION = 5.0;
				TARGETED_DEVICE_FAMILY = "1,2";
			};
			name = Release;
		};
/* End XCBuildConfiguration section */

/* Begin XCConfigurationList section */
		AB8C9ABD287310DC00AB1AE5 /* Build configuration list for PBXProject "Landmarks" */ = {
			isa = XCConfigurationList;
			buildConfigurations = (
				AB8C9ACE287310DD00AB1AE5 /* Debug */,
				AB8C9ACF287310DD00AB1AE5 /* Release */,
			);
			defaultConfigurationIsVisible = 0;
			defaultConfigurationName = Release;
		};
		AB8C9AD0287310DD00AB1AE5 /* Build configuration list for PBXNativeTarget "Landmarks" */ = {
			isa = XCConfigurationList;
			buildConfigurations = (
				AB8C9AD1287310DD00AB1AE5 /* Debug */,
				AB8C9AD2287310DD00AB1AE5 /* Release */,
			);
			defaultConfigurationIsVisible = 0;
			defaultConfigurationName = Release;
		};
/* End XCConfigurationList section */
	};
	rootObject = AB8C9ABA287310DC00AB1AE5 /* Project object */;
}
